github.com/bmizerany/assert v0.0.0-20160611221934-b7ed37b82869 h1:DDGfHa7BWjL4YnC6+E63dPcxHo2sUxDIu8g3QgEJdRY=
github.com/bmizerany/assert v0.0.0-20160611221934-b7ed37b82869/go.mod h1:Ekp36dRnpXw/yCqJaO+ZrUyxD+3VXMFFr56k5XYrpB4=
github.com/davecgh/go-spew v1.1.1 h1:vj9j/u1bqnvCEfJOwUhtlOARqs3+rkHYY13jYWTU97c=
github.com/davecgh/go-spew v1.1.1/go.mod h1:J7Y8YcW2NihsgmVo/mv3lAwl/skON4iLHjSsI+c5H38=
github.com/extemporalgenome/slug v0.0.0-20150414033109-0320c85e32e0/go.mod h1:96eSBMO0aE2dcsEygXzIsvGyOf7bM5kWuqVCPEgwLEI=
github.com/flosch/go-humanize v0.0.0-20140728123800-3ba51eabe506/go.mod h1:pSiPkAThBLWmIzJ2fukUGkcxxWR4HoLT7Bp8/krrl5g=
github.com/flosch/pongo2 v0.0.0-20200529170236-5abacdfa4915/go.mod h1:fB4mx6dzqFinCxIf3a7Mf5yLk+18Bia9mPAnuejcvDA=
github.com/flosch/pongo2-addons v0.0.0-20210526150811-f969446c5b72/go.mod h1:FRpCGvVuFk51gQzekI5CiH/J6Ir1U47H8nF23gsFDKU=
github.com/flosch/pongo2/v4 v4.0.2/go.mod h1:B5ObFANs/36VwxxlgKpdchIJHMvHB562PW+BWPhwZD8=
github.com/go-check/check v0.0.0-20180628173108-788fd7840127/go.mod h1:9ES+weclKsC9YodN5RgxqK/VD9HM9JsCSh7rNhMZE98=
github.com/kr/pretty v0.1.0/go.mod h1:dAy3ld7l9f0ibDNOQOHHMYYIIbhfbHSm3C4ZsoJORNo=
github.com/kr/pretty v0.2.1 h1:Fmg33tUaq4/8ym9TJN1x7sLJnHVwhP33CNkpYV/7rwI=
github.com/kr/pretty v0.2.1/go.mod h1:ipq/a2n7PKx3OHsz4KJII5eveXtPO4qwEXGdVfWzfnI=
github.com/kr/pty v1.1.1/go.mod h1:pFQYn66WHrOpPYNljwOMqo10TkYh1fy3cYio2l3bCsQ=
github.com/kr/text v0.1.0 h1:45sCR5RtlFHMR4UwH9sdQ5TC8v0qDQCHnXt+kaKSTVE=
github.com/kr/text v0.1.0/go.mod h1:4Jbv+DJW3UT/LiOwJeYQe1efqtUx/iVham/4vfdArNI=
github.com/niemeyer/pretty v0.0.0-20200227124842-a10e7caefd8e/go.mod h1:zD1mROLANZcx1PVRCS0qkT7pwLkGfwJo4zjcN/Tysno=
github.com/nunchistudio/blacksmith v0.18.0 h1:4kSpOdzRn9Jirbe78bHmwAE2RBywRur0lJxwQVoKCCg=
github.com/nunchistudio/blacksmith v0.18.0/go.mod h1:R8xerbMugYMnNIQKCy+KGhBD5nqixdcWtLz8lBLDUGk=
github.com/nunchistudio/blacksmith-modules/amplitude v0.18.0 h1:eLwLgSYO344BilPe74PQgYnlcxlBNEJPmlnmYUgEQ34=
github.com/nunchistudio/blacksmith-modules/amplitude v0.18.0/go.mod h1:NFmI8xsZZQYbtPM2qJIoZpzcJla4KMfZSnsNO+cCX6Y=
github.com/nunchistudio/blacksmith-modules/mailchimp v0.18.0 h1:WobXJt+nuceYD8/WFzh98l4RDjNQwc/QlGc+7WmZ5RM=
github.com/nunchistudio/blacksmith-modules/mailchimp v0.18.0/go.mod h1:tWONKY6nWtkNLYR4NgOFkU0WLWNzWJAacQRn9ZMo7GA=
github.com/nunchistudio/blacksmith-modules/segment v0.18.0 h1:Qzfvm5Y/jKFXU+mW3dJUhAK6f3Uv/drNDzVVw49ZoNk=
github.com/nunchistudio/blacksmith-modules/segment v0.18.0/go.mod h1:8znp7I/lCuv9/+OKDhQ507pDqeCpJZJJy8XRY8hxGgA=
github.com/pmezard/go-difflib v1.0.0 h1:4DBwDE0NGyQoBHbLQYPwSUPoCMWR5BEzIk/f1lZbAQM=
github.com/pmezard/go-difflib v1.0.0/go.mod h1:iKH77koFhYxTK1pcRnkKkqfTogsbg7gZNVY4sRDYZ/4=
github.com/rs/cors v1.7.0 h1:+88SsELBHx5r+hZ8TCkggzSstaWNbDvThkVK8H6f9ik=
github.com/rs/cors v1.7.0/go.mod h1:gFx+x8UowdsKA9AchylcLynDq+nNFfI8FkUZdN/jGCU=
github.com/russross/blackfriday/v2 v2.0.1/go.mod h1:+Rmxgy9KzJVeS9/2gXHxylqXiyQDYRxCVz55jmeOWTM=
github.com/segmentio/backo-go v0.0.0-20200129164019-23eae7c10bd3 h1:ZuhckGJ10ulaKkdvJtiAqsLTiPrLaXSdnVgXJKJkTxE=
github.com/segmentio/backo-go v0.0.0-20200129164019-23eae7c10bd3/go.mod h1:9/Rh6yILuLysoQnZ2oNooD2g7aBnvM7r/fNVxRNWfBc=
github.com/segmentio/ksuid v1.0.3 h1:FoResxvleQwYiPAVKe1tMUlEirodZqlqglIuFsdDntY=
github.com/segmentio/ksuid v1.0.3/go.mod h1:/XUiZBD3kVx5SmUOl55voK5yeAbBNNIed+2O73XgrPE=
github.com/shurcooL/sanitized_anchor_name v1.0.0/go.mod h1:1NzhyTcUVG4SuEtjjoZeVRXNmyL/1OwPU0+IJeTBvfc=
github.com/sirupsen/logrus v1.8.1 h1:dJKuHgqk1NNQlqoA6BTlM1Wf9DOH3NBjQyu0h9+AZZE=
github.com/sirupsen/logrus v1.8.1/go.mod h1:yWOB1SBYBC5VeMP7gHvWumXLIWorT60ONWic61uBYv0=
github.com/stretchr/testify v1.2.2 h1:bSDNvY7ZPG5RlJ8otE/7V6gMiyenm9RtJ7IUVIAoJ1w=
github.com/stretchr/testify v1.2.2/go.mod h1:a8OnRcib4nhh0OaRAV+Yts87kKdq0PP7pXfy6kDkUVs=
github.com/xtgo/uuid v0.0.0-20140804021211-a0b114877d4c h1:3lbZUMbMiGUW/LMkfsEABsc5zNT9+b1CvsJx47JzJ8g=
github.com/xtgo/uuid v0.0.0-20140804021211-a0b114877d4c/go.mod h1:UrdRz5enIKZ63MEE3IF9l2/ebyx59GyGgPi+tICQdmM=
golang.org/x/sys v0.0.0-20210415045647-66c3f260301c h1:6L+uOeS3OQt/f4eFHXZcTxeZrGCuz+CLElgEBjbcTA4=
golang.org/x/sys v0.0.0-20210415045647-66c3f260301c/go.mod h1:h1NjWce9XRLGQEsW7wpKNCjG9DtNlClVuFLEZdDNbEs=
golang.org/x/text v0.3.3/go.mod h1:5Zoc/QRtKVWzQhOtBMvqHzDpF6irO9z98xDceosuGiQ=
golang.org/x/tools v0.0.0-20180917221912-90fa682c2a6e/go.mod h1:n7NCudcB/nEzxVGmLbDWY5pfWTLqBcC2KZ6jyYvM4mQ=
gopkg.in/check.v1 v0.0.0-20161208181325-20d25e280405/go.mod h1:Co6ibVJAznAaIkqp8huTwlJQCZ016jof/cbN4VW5Yz0=
gopkg.in/check.v1 v1.0.0-20200902074654-038fdea0a05b/go.mod h1:Co6ibVJAznAaIkqp8huTwlJQCZ016jof/cbN4VW5Yz0=
gopkg.in/segmentio/analytics-go.v3 v3.1.0 h1:UzxH1uaGZRpMKDhJyBz0pexz6yUoBU3x8bJsRk/HV6U=
gopkg.in/segmentio/analytics-go.v3 v3.1.0/go.mod h1:4QqqlTlSSpVlWA9/9nDcPw+FkM2yv1NQoYjUbL9/JAw=
